
Microsoft Visual Studio Solution File, Format Version 12.00
# Visual Studio 15
VisualStudioVersion = 15.0.28307.757
MinimumVisualStudioVersion = 10.0.40219.1
Project("{8BC9CEB8-8B4A-11D0-8D11-00A0C91BC942}") = "ImageSorter", "ImageSorter\ImageSorter.vcxproj", "{B8916BA4-1396-4827-895A-7012C2775583}"
EndProject
Global
	GlobalSection(SolutionConfigurationPlatforms) = preSolution
		Debug|x64 = Debug|x64
		Debug|x86 = Debug|x86
		Release|x64 = Release|x64
		Release|x86 = Release|x86
	EndGlobalSection
	GlobalSection(ProjectConfigurationPlatforms) = postSolution
		{B8916BA4-1396-4827-895A-7012C2775583}.Debug|x64.ActiveCfg = Debug|x64
		{B8916BA4-1396-4827-895A-7012C2775583}.Debug|x64.Build.0 = Debug|x64
		{B8916BA4-1396-4827-895A-7012C2775583}.Debug|x86.ActiveCfg = Debug|Win32
		{B8916BA4-1396-4827-895A-7012C2775583}.Debug|x86.Build.0 = Debug|Win32
		{B8916BA4-1396-4827-895A-7012C2775583}.Release|x64.ActiveCfg = Release|x64
		{B8916BA4-1396-4827-895A-7012C2775583}.Release|x64.Build.0 = Release|x64
		{B8916BA4-1396-4827-895A-7012C2775583}.Release|x86.ActiveCfg = Release|Win32
		{B8916BA4-1396-4827-895A-7012C2775583}.Release|x86.Build.0 = Release|Win32
	EndGlobalSection
	GlobalSection(SolutionProperties) = preSolution
		HideSolutionNode = FALSE
	EndGlobalSection
	GlobalSection(ExtensibilityGlobals) = postSolution
		SolutionGuid = {76D4F705-3E71-44D3-806C-8DA8FE0CDF9F}
	EndGlobalSection
EndGlobal
